
Microsoft Visual Studio Solution File, Format Version 12.00
# Visual Studio 14
VisualStudioVersion = 14.0.25420.1
MinimumVisualStudioVersion = 10.0.40219.1
Project("{FAE04EC0-301F-11D3-BF4B-00C04F79EFBC}") = "TaskManageraApi", "TaskManageraApi\TaskManageraApi.csproj", "{68325589-155C-47C0-9B6A-A78F6CDDB6B7}"
EndProject
Project("{FAE04EC0-301F-11D3-BF4B-00C04F79EFBC}") = "TaskManagerDal", "TaskManagerDal\TaskManagerDal.csproj", "{C9B62A4D-EE5F-4C07-899E-BAFA1AA71198}"
EndProject
Project("{FAE04EC0-301F-11D3-BF4B-00C04F79EFBC}") = "MVC_App.Tests", "MVC_App.Tests\MVC_App.Tests.csproj", "{D7DAA814-B3F6-4B10-85D1-E53E9772D64B}"
EndProject
Global
	GlobalSection(SolutionConfigurationPlatforms) = preSolution
		Debug|Any CPU = Debug|Any CPU
		Release|Any CPU = Release|Any CPU
	EndGlobalSection
	GlobalSection(ProjectConfigurationPlatforms) = postSolution
		{68325589-155C-47C0-9B6A-A78F6CDDB6B7}.Debug|Any CPU.ActiveCfg = Debug|Any CPU
		{68325589-155C-47C0-9B6A-A78F6CDDB6B7}.Debug|Any CPU.Build.0 = Debug|Any CPU
		{68325589-155C-47C0-9B6A-A78F6CDDB6B7}.Release|Any CPU.ActiveCfg = Release|Any CPU
		{68325589-155C-47C0-9B6A-A78F6CDDB6B7}.Release|Any CPU.Build.0 = Release|Any CPU
		{C9B62A4D-EE5F-4C07-899E-BAFA1AA71198}.Debug|Any CPU.ActiveCfg = Debug|Any CPU
		{C9B62A4D-EE5F-4C07-899E-BAFA1AA71198}.Debug|Any CPU.Build.0 = Debug|Any CPU
		{C9B62A4D-EE5F-4C07-899E-BAFA1AA71198}.Release|Any CPU.ActiveCfg = Release|Any CPU
		{C9B62A4D-EE5F-4C07-899E-BAFA1AA71198}.Release|Any CPU.Build.0 = Release|Any CPU
		{D7DAA814-B3F6-4B10-85D1-E53E9772D64B}.Debug|Any CPU.ActiveCfg = Debug|Any CPU
		{D7DAA814-B3F6-4B10-85D1-E53E9772D64B}.Debug|Any CPU.Build.0 = Debug|Any CPU
		{D7DAA814-B3F6-4B10-85D1-E53E9772D64B}.Release|Any CPU.ActiveCfg = Release|Any CPU
		{D7DAA814-B3F6-4B10-85D1-E53E9772D64B}.Release|Any CPU.Build.0 = Release|Any CPU
	EndGlobalSection
	GlobalSection(SolutionProperties) = preSolution
		HideSolutionNode = FALSE
	EndGlobalSection
EndGlobal
